<?xml version="1.0" encoding="utf-8"?>
<Project ToolsVersion="4.0" xmlns="http://schemas.microsoft.com/developer/msbuild/2003">
  <ItemGroup>
    <Filter Include="Source Files">
      <UniqueIdentifier>{4FC737F1-C7A5-4376-A066-2A32D752A2FF}</UniqueIdentifier>
      <Extensions>cpp;c;cc;cxx;c++;cppm;ixx;def;odl;idl;hpj;bat;asm;asmx</Extensions>
    </Filter>
    <Filter Include="Header Files">
      <UniqueIdentifier>{93995380-89BD-4b04-88EB-625FBE52EBFB}</UniqueIdentifier>
      <Extensions>h;hh;hpp;hxx;h++;hm;inl;inc;ipp;xsd</Extensions>
    </Filter>
    <Filter Include="Resource Files">
      <UniqueIdentifier>{67DA6AB6-F800-4c08-8B7A-83BB121AAD01}</UniqueIdentifier>
      <Extensions>rc;ico;cur;bmp;dlg;rc2;rct;bin;rgs;gif;jpg;jpeg;jpe;resx;tiff;tif;png;wav;mfcribbon-ms</Extensions>
    </Filter>
    <Filter Include="Header Files\ChucNang">
      <UniqueIdentifier>{de72ceb4-113e-4f73-b590-c60541ed3886}</UniqueIdentifier>
    </Filter>
    <Filter Include="Header Files\ThuVienDoHoa">
      <UniqueIdentifier>{b7145f61-1dc7-4ce8-acb0-ec4b7432b559}</UniqueIdentifier>
    </Filter>
  </ItemGroup>
  <ItemGroup>
    <ClCompile Include="main.cpp">
      <Filter>Source Files</Filter>
    </ClCompile>
  </ItemGroup>
  <ItemGroup>
    <ClInclude Include="ctdl.h">
      <Filter>Header Files</Filter>
    </ClInclude>
    <ClInclude Include="chuanhoa.h">
      <Filter>Header Files</Filter>
    </ClInclude>
    <ClInclude Include="thuattoan.h">
      <Filter>Header Files</Filter>
    </ClInclude>
    <ClInclude Include="menuchinh.h">
      <Filter>Header Files</Filter>
    </ClInclude>
    <ClInclude Include="quanlisach.h">
      <Filter>Header Files\ChucNang</Filter>
    </ClInclude>
    <ClInclude Include="quanlidocgia.h">
      <Filter>Header Files\ChucNang</Filter>
    </ClInclude>
    <ClInclude Include="quanlimuontra.h">
      <Filter>Header Files\ChucNang</Filter>
    </ClInclude>
    <ClInclude Include="dohoa.h">
      <Filter>Header Files\ThuVienDoHoa</Filter>
    </ClInclude>
    <ClInclude Include="xulinhap.h">
      <Filter>Header Files\ThuVienDoHoa</Filter>
    </ClInclude>
  </ItemGroup>
</Project>